
Microsoft Visual Studio Solution File, Format Version 12.00
# Visual Studio Version 17
VisualStudioVersion = 17.10.35013.160
MinimumVisualStudioVersion = 10.0.40219.1
Project("{FAE04EC0-301F-11D3-BF4B-00C04F79EFBC}") = "Labgit", "Labgit\Labgit.csproj", "{3489AAB3-34BB-4711-BFEC-428B24F3770E}"
EndProject
Global
	GlobalSection(SolutionConfigurationPlatforms) = preSolution
		Debug|Any CPU = Debug|Any CPU
		Release|Any CPU = Release|Any CPU
	EndGlobalSection
	GlobalSection(ProjectConfigurationPlatforms) = postSolution
		{3489AAB3-34BB-4711-BFEC-428B24F3770E}.Debug|Any CPU.ActiveCfg = Debug|Any CPU
		{3489AAB3-34BB-4711-BFEC-428B24F3770E}.Debug|Any CPU.Build.0 = Debug|Any CPU
		{3489AAB3-34BB-4711-BFEC-428B24F3770E}.Release|Any CPU.ActiveCfg = Release|Any CPU
		{3489AAB3-34BB-4711-BFEC-428B24F3770E}.Release|Any CPU.Build.0 = Release|Any CPU
	EndGlobalSection
	GlobalSection(SolutionProperties) = preSolution
		HideSolutionNode = FALSE
	EndGlobalSection
	GlobalSection(ExtensibilityGlobals) = postSolution
		SolutionGuid = {54E338CD-E9A3-4F92-9CD5-6EAFE94A734F}
	EndGlobalSection
EndGlobal
